// !$*UTF8*$!
{
	archiveVersion = 1;
	classes = {
	};
	objectVersion = 50;
	objects = {

/* Begin PBXBuildFile section */
		FD9C53EF25F0EB7800AC9677 /* CardsView.swift in Sources */ = {isa = PBXBuildFile; fileRef = FD9C53EE25F0EB7800AC9677 /* CardsView.swift */; };
		FDE95F8C25EBD43E001F773C /* AppDelegate.swift in Sources */ = {isa = PBXBuildFile; fileRef = FDE95F8B25EBD43E001F773C /* AppDelegate.swift */; };
		FDE95F8E25EBD43E001F773C /* SceneDelegate.swift in Sources */ = {isa = PBXBuildFile; fileRef = FDE95F8D25EBD43E001F773C /* SceneDelegate.swift */; };
		FDE95F9025EBD43E001F773C /* ViewController.swift in Sources */ = {isa = PBXBuildFile; fileRef = FDE95F8F25EBD43E001F773C /* ViewController.swift */; };
		FDE95F9325EBD43E001F773C /* Main.storyboard in Resources */ = {isa = PBXBuildFile; fileRef = FDE95F9125EBD43E001F773C /* Main.storyboard */; };
		FDE95F9525EBD43F001F773C /* Assets.xcassets in Resources */ = {isa = PBXBuildFile; fileRef = FDE95F9425EBD43F001F773C /* Assets.xcassets */; };
		FDE95F9825EBD43F001F773C /* LaunchScreen.storyboard in Resources */ = {isa = PBXBuildFile; fileRef = FDE95F9625EBD43F001F773C /* LaunchScreen.storyboard */; };
		FDE95FA325EBD43F001F773C /* SetGameTests.swift in Sources */ = {isa = PBXBuildFile; fileRef = FDE95FA225EBD43F001F773C /* SetGameTests.swift */; };
		FDE95FAE25EBD43F001F773C /* SetGameUITests.swift in Sources */ = {isa = PBXBuildFile; fileRef = FDE95FAD25EBD43F001F773C /* SetGameUITests.swift */; };
		FDE95FBF25EBD46B001F773C /* Card.swift in Sources */ = {isa = PBXBuildFile; fileRef = FDE95FBE25EBD46B001F773C /* Card.swift */; };
		FDE95FC425EBD803001F773C /* Deck.swift in Sources */ = {isa = PBXBuildFile; fileRef = FDE95FC325EBD803001F773C /* Deck.swift */; };
		FDE95FC925EBDCA4001F773C /* SetGame.swift in Sources */ = {isa = PBXBuildFile; fileRef = FDE95FC825EBDCA4001F773C /* SetGame.swift */; };
/* End PBXBuildFile section */

/* Begin PBXContainerItemProxy section */
		FDE95F9F25EBD43F001F773C /* PBXContainerItemProxy */ = {
			isa = PBXContainerItemProxy;
			containerPortal = FDE95F8025EBD43E001F773C /* Project object */;
			proxyType = 1;
			remoteGlobalIDString = FDE95F8725EBD43E001F773C;
			remoteInfo = SetGame;
		};
		FDE95FAA25EBD43F001F773C /* PBXContainerItemProxy */ = {
			isa = PBXContainerItemProxy;
			containerPortal = FDE95F8025EBD43E001F773C /* Project object */;
			proxyType = 1;
			remoteGlobalIDString = FDE95F8725EBD43E001F773C;
			remoteInfo = SetGame;
		};
/* End PBXContainerItemProxy section */

/* Begin PBXFileReference section */
		FD9C53EE25F0EB7800AC9677 /* CardsView.swift */ = {isa = PBXFileReference; lastKnownFileType = sourcecode.swift; path = CardsView.swift; sourceTree = "<group>"; };
		FDE95F8825EBD43E001F773C /* SetGame.app */ = {isa = PBXFileReference; explicitFileType = wrapper.application; includeInIndex = 0; path = SetGame.app; sourceTree = BUILT_PRODUCTS_DIR; };
		FDE95F8B25EBD43E001F773C /* AppDelegate.swift */ = {isa = PBXFileReference; lastKnownFileType = sourcecode.swift; path = AppDelegate.swift; sourceTree = "<group>"; };
		FDE95F8D25EBD43E001F773C /* SceneDelegate.swift */ = {isa = PBXFileReference; lastKnownFileType = sourcecode.swift; path = SceneDelegate.swift; sourceTree = "<group>"; };
		FDE95F8F25EBD43E001F773C /* ViewController.swift */ = {isa = PBXFileReference; lastKnownFileType = sourcecode.swift; path = ViewController.swift; sourceTree = "<group>"; };
		FDE95F9225EBD43E001F773C /* Base */ = {isa = PBXFileReference; lastKnownFileType = file.storyboard; name = Base; path = Base.lproj/Main.storyboard; sourceTree = "<group>"; };
		FDE95F9425EBD43F001F773C /* Assets.xcassets */ = {isa = PBXFileReference; lastKnownFileType = folder.assetcatalog; path = Assets.xcassets; sourceTree = "<group>"; };
		FDE95F9725EBD43F001F773C /* Base */ = {isa = PBXFileReference; lastKnownFileType = file.storyboard; name = Base; path = Base.lproj/LaunchScreen.storyboard; sourceTree = "<group>"; };
		FDE95F9925EBD43F001F773C /* Info.plist */ = {isa = PBXFileReference; lastKnownFileType = text.plist.xml; path = Info.plist; sourceTree = "<group>"; };
		FDE95F9E25EBD43F001F773C /* SetGameTests.xctest */ = {isa = PBXFileReference; explicitFileType = wrapper.cfbundle; includeInIndex = 0; path = SetGameTests.xctest; sourceTree = BUILT_PRODUCTS_DIR; };
		FDE95FA225EBD43F001F773C /* SetGameTests.swift */ = {isa = PBXFileReference; lastKnownFileType = sourcecode.swift; path = SetGameTests.swift; sourceTree = "<group>"; };
		FDE95FA425EBD43F001F773C /* Info.plist */ = {isa = PBXFileReference; lastKnownFileType = text.plist.xml; path = Info.plist; sourceTree = "<group>"; };
		FDE95FA925EBD43F001F773C /* SetGameUITests.xctest */ = {isa = PBXFileReference; explicitFileType = wrapper.cfbundle; includeInIndex = 0; path = SetGameUITests.xctest; sourceTree = BUILT_PRODUCTS_DIR; };
		FDE95FAD25EBD43F001F773C /* SetGameUITests.swift */ = {isa = PBXFileReference; lastKnownFileType = sourcecode.swift; path = SetGameUITests.swift; sourceTree = "<group>"; };
		FDE95FAF25EBD43F001F773C /* Info.plist */ = {isa = PBXFileReference; lastKnownFileType = text.plist.xml; path = Info.plist; sourceTree = "<group>"; };
		FDE95FBE25EBD46B001F773C /* Card.swift */ = {isa = PBXFileReference; lastKnownFileType = sourcecode.swift; path = Card.swift; sourceTree = "<group>"; };
		FDE95FC325EBD803001F773C /* Deck.swift */ = {isa = PBXFileReference; lastKnownFileType = sourcecode.swift; path = Deck.swift; sourceTree = "<group>"; };
		FDE95FC825EBDCA4001F773C /* SetGame.swift */ = {isa = PBXFileReference; lastKnownFileType = sourcecode.swift; path = SetGame.swift; sourceTree = "<group>"; };
/* End PBXFileReference section */

/* Begin PBXFrameworksBuildPhase section */
		FDE95F8525EBD43E001F773C /* Frameworks */ = {
			isa = PBXFrameworksBuildPhase;
			buildActionMask = 2147483647;
			files = (
			);
			runOnlyForDeploymentPostprocessing = 0;
		};
		FDE95F9B25EBD43F001F773C /* Frameworks */ = {
			isa = PBXFrameworksBuildPhase;
			buildActionMask = 2147483647;
			files = (
			);
			runOnlyForDeploymentPostprocessing = 0;
		};
		FDE95FA625EBD43F001F773C /* Frameworks */ = {
			isa = PBXFrameworksBuildPhase;
			buildActionMask = 2147483647;
			files = (
			);
			runOnlyForDeploymentPostprocessing = 0;
		};
/* End PBXFrameworksBuildPhase section */

/* Begin PBXGroup section */
		FDE95F7F25EBD43E001F773C = {
			isa = PBXGroup;
			children = (
				FDE95F8A25EBD43E001F773C /* SetGame */,
				FDE95FA125EBD43F001F773C /* SetGameTests */,
				FDE95FAC25EBD43F001F773C /* SetGameUITests */,
				FDE95F8925EBD43E001F773C /* Products */,
			);
			sourceTree = "<group>";
		};
		FDE95F8925EBD43E001F773C /* Products */ = {
			isa = PBXGroup;
			children = (
				FDE95F8825EBD43E001F773C /* SetGame.app */,
				FDE95F9E25EBD43F001F773C /* SetGameTests.xctest */,
				FDE95FA925EBD43F001F773C /* SetGameUITests.xctest */,
			);
			name = Products;
			sourceTree = "<group>";
		};
		FDE95F8A25EBD43E001F773C /* SetGame */ = {
			isa = PBXGroup;
			children = (
				FDE95F8B25EBD43E001F773C /* AppDelegate.swift */,
				FDE95F8D25EBD43E001F773C /* SceneDelegate.swift */,
				FDE95F8F25EBD43E001F773C /* ViewController.swift */,
				FDE95F9125EBD43E001F773C /* Main.storyboard */,
				FDE95F9425EBD43F001F773C /* Assets.xcassets */,
				FDE95F9625EBD43F001F773C /* LaunchScreen.storyboard */,
				FDE95F9925EBD43F001F773C /* Info.plist */,
				FDE95FBE25EBD46B001F773C /* Card.swift */,
				FDE95FC325EBD803001F773C /* Deck.swift */,
				FDE95FC825EBDCA4001F773C /* SetGame.swift */,
				FD9C53EE25F0EB7800AC9677 /* CardsView.swift */,
			);
			path = SetGame;
			sourceTree = "<group>";
		};
		FDE95FA125EBD43F001F773C /* SetGameTests */ = {
			isa = PBXGroup;
			children = (
				FDE95FA225EBD43F001F773C /* SetGameTests.swift */,
				FDE95FA425EBD43F001F773C /* Info.plist */,
			);
			path = SetGameTests;
			sourceTree = "<group>";
		};
		FDE95FAC25EBD43F001F773C /* SetGameUITests */ = {
			isa = PBXGroup;
			children = (
				FDE95FAD25EBD43F001F773C /* SetGameUITests.swift */,
				FDE95FAF25EBD43F001F773C /* Info.plist */,
			);
			path = SetGameUITests;
			sourceTree = "<group>";
		};
/* End PBXGroup section */

/* Begin PBXNativeTarget section */
		FDE95F8725EBD43E001F773C /* SetGame */ = {
			isa = PBXNativeTarget;
			buildConfigurationList = FDE95FB225EBD43F001F773C /* Build configuration list for PBXNativeTarget "SetGame" */;
			buildPhases = (
				FDE95F8425EBD43E001F773C /* Sources */,
				FDE95F8525EBD43E001F773C /* Frameworks */,
				FDE95F8625EBD43E001F773C /* Resources */,
			);
			buildRules = (
			);
			dependencies = (
			);
			name = SetGame;
			productName = SetGame;
			productReference = FDE95F8825EBD43E001F773C /* SetGame.app */;
			productType = "com.apple.product-type.application";
		};
		FDE95F9D25EBD43F001F773C /* SetGameTests */ = {
			isa = PBXNativeTarget;
			buildConfigurationList = FDE95FB525EBD43F001F773C /* Build configuration list for PBXNativeTarget "SetGameTests" */;
			buildPhases = (
				FDE95F9A25EBD43F001F773C /* Sources */,
				FDE95F9B25EBD43F001F773C /* Frameworks */,
				FDE95F9C25EBD43F001F773C /* Resources */,
			);
			buildRules = (
			);
			dependencies = (
				FDE95FA025EBD43F001F773C /* PBXTargetDependency */,
			);
			name = SetGameTests;
			productName = SetGameTests;
			productReference = FDE95F9E25EBD43F001F773C /* SetGameTests.xctest */;
			productType = "com.apple.product-type.bundle.unit-test";
		};
		FDE95FA825EBD43F001F773C /* SetGameUITests */ = {
			isa = PBXNativeTarget;
			buildConfigurationList = FDE95FB825EBD43F001F773C /* Build configuration list for PBXNativeTarget "SetGameUITests" */;
			buildPhases = (
				FDE95FA525EBD43F001F773C /* Sources */,
				FDE95FA625EBD43F001F773C /* Frameworks */,
				FDE95FA725EBD43F001F773C /* Resources */,
			);
			buildRules = (
			);
			dependencies = (
				FDE95FAB25EBD43F001F773C /* PBXTargetDependency */,
			);
			name = SetGameUITests;
			productName = SetGameUITests;
			productReference = FDE95FA925EBD43F001F773C /* SetGameUITests.xctest */;
			productType = "com.apple.product-type.bundle.ui-testing";
		};
/* End PBXNativeTarget section */

/* Begin PBXProject section */
		FDE95F8025EBD43E001F773C /* Project object */ = {
			isa = PBXProject;
			attributes = {
				LastSwiftUpdateCheck = 1240;
				LastUpgradeCheck = 1240;
				TargetAttributes = {
					FDE95F8725EBD43E001F773C = {
						CreatedOnToolsVersion = 12.4;
					};
					FDE95F9D25EBD43F001F773C = {
						CreatedOnToolsVersion = 12.4;
						TestTargetID = FDE95F8725EBD43E001F773C;
					};
					FDE95FA825EBD43F001F773C = {
						CreatedOnToolsVersion = 12.4;
						TestTargetID = FDE95F8725EBD43E001F773C;
					};
				};
			};
			buildConfigurationList = FDE95F8325EBD43E001F773C /* Build configuration list for PBXProject "SetGame" */;
			compatibilityVersion = "Xcode 9.3";
			developmentRegion = en;
			hasScannedForEncodings = 0;
			knownRegions = (
				en,
				Base,
			);
			mainGroup = FDE95F7F25EBD43E001F773C;
			productRefGroup = FDE95F8925EBD43E001F773C /* Products */;
			projectDirPath = "";
			projectRoot = "";
			targets = (
				FDE95F8725EBD43E001F773C /* SetGame */,
				FDE95F9D25EBD43F001F773C /* SetGameTests */,
				FDE95FA825EBD43F001F773C /* SetGameUITests */,
			);
		};
/* End PBXProject section */

/* Begin PBXResourcesBuildPhase section */
		FDE95F8625EBD43E001F773C /* Resources */ = {
			isa = PBXResourcesBuildPhase;
			buildActionMask = 2147483647;
			files = (
				FDE95F9825EBD43F001F773C /* LaunchScreen.storyboard in Resources */,
				FDE95F9525EBD43F001F773C /* Assets.xcassets in Resources */,
				FDE95F9325EBD43E001F773C /* Main.storyboard in Resources */,
			);
			runOnlyForDeploymentPostprocessing = 0;
		};
		FDE95F9C25EBD43F001F773C /* Resources */ = {
			isa = PBXResourcesBuildPhase;
			buildActionMask = 2147483647;
			files = (
			);
			runOnlyForDeploymentPostprocessing = 0;
		};
		FDE95FA725EBD43F001F773C /* Resources */ = {
			isa = PBXResourcesBuildPhase;
			buildActionMask = 2147483647;
			files = (
			);
			runOnlyForDeploymentPostprocessing = 0;
		};
/* End PBXResourcesBuildPhase section */

/* Begin PBXSourcesBuildPhase section */
		FDE95F8425EBD43E001F773C /* Sources */ = {
			isa = PBXSourcesBuildPhase;
			buildActionMask = 2147483647;
			files = (
				FD9C53EF25F0EB7800AC9677 /* CardsView.swift in Sources */,
				FDE95F9025EBD43E001F773C /* ViewController.swift in Sources */,
				FDE95F8C25EBD43E001F773C /* AppDelegate.swift in Sources */,
				FDE95FC425EBD803001F773C /* Deck.swift in Sources */,
				FDE95F8E25EBD43E001F773C /* SceneDelegate.swift in Sources */,
				FDE95FC925EBDCA4001F773C /* SetGame.swift in Sources */,
				FDE95FBF25EBD46B001F773C /* Card.swift in Sources */,
			);
			runOnlyForDeploymentPostprocessing = 0;
		};
		FDE95F9A25EBD43F001F773C /* Sources */ = {
			isa = PBXSourcesBuildPhase;
			buildActionMask = 2147483647;
			files = (
				FDE95FA325EBD43F001F773C /* SetGameTests.swift in Sources */,
			);
			runOnlyForDeploymentPostprocessing = 0;
		};
		FDE95FA525EBD43F001F773C /* Sources */ = {
			isa = PBXSourcesBuildPhase;
			buildActionMask = 2147483647;
			files = (
				FDE95FAE25EBD43F001F773C /* SetGameUITests.swift in Sources */,
			);
			runOnlyForDeploymentPostprocessing = 0;
		};
/* End PBXSourcesBuildPhase section */

/* Begin PBXTargetDependency section */
		FDE95FA025EBD43F001F773C /* PBXTargetDependency */ = {
			isa = PBXTargetDependency;
			target = FDE95F8725EBD43E001F773C /* SetGame */;
			targetProxy = FDE95F9F25EBD43F001F773C /* PBXContainerItemProxy */;
		};
		FDE95FAB25EBD43F001F773C /* PBXTargetDependency */ = {
			isa = PBXTargetDependency;
			target = FDE95F8725EBD43E001F773C /* SetGame */;
			targetProxy = FDE95FAA25EBD43F001F773C /* PBXContainerItemProxy */;
		};
/* End PBXTargetDependency section */

/* Begin PBXVariantGroup section */
		FDE95F9125EBD43E001F773C /* Main.storyboard */ = {
			isa = PBXVariantGroup;
			children = (
				FDE95F9225EBD43E001F773C /* Base */,
			);
			name = Main.storyboard;
			sourceTree = "<group>";
		};
		FDE95F9625EBD43F001F773C /* LaunchScreen.storyboard */ = {
			isa = PBXVariantGroup;
			children = (
				FDE95F9725EBD43F001F773C /* Base */,
			);
			name = LaunchScreen.storyboard;
			sourceTree = "<group>";
		};
/* End PBXVariantGroup section */

/* Begin XCBuildConfiguration section */
		FDE95FB025EBD43F001F773C /* Debug */ = {
			isa = XCBuildConfiguration;
			buildSettings = {
				ALWAYS_SEARCH_USER_PATHS = NO;
				CLANG_ANALYZER_NONNULL = YES;
				CLANG_ANALYZER_NUMBER_OBJECT_CONVERSION = YES_AGGRESSIVE;
				CLANG_CXX_LANGUAGE_STANDARD = "gnu++14";
				CLANG_CXX_LIBRARY = "libc++";
				CLANG_ENABLE_MODULES = YES;
				CLANG_ENABLE_OBJC_ARC = YES;
				CLANG_ENABLE_OBJC_WEAK = YES;
				CLANG_WARN_BLOCK_CAPTURE_AUTORELEASING = YES;
				CLANG_WARN_BOOL_CONVERSION = YES;
				CLANG_WARN_COMMA = YES;
				CLANG_WARN_CONSTANT_CONVERSION = YES;
				CLANG_WARN_DEPRECATED_OBJC_IMPLEMENTATIONS = YES;
				CLANG_WARN_DIRECT_OBJC_ISA_USAGE = YES_ERROR;
				CLANG_WARN_DOCUMENTATION_COMMENTS = YES;
				CLANG_WARN_EMPTY_BODY = YES;
				CLANG_WARN_ENUM_CONVERSION = YES;
				CLANG_WARN_INFINITE_RECURSION = YES;
				CLANG_WARN_INT_CONVERSION = YES;
				CLANG_WARN_NON_LITERAL_NULL_CONVERSION = YES;
				CLANG_WARN_OBJC_IMPLICIT_RETAIN_SELF = YES;
				CLANG_WARN_OBJC_LITERAL_CONVERSION = YES;
				CLANG_WARN_OBJC_ROOT_CLASS = YES_ERROR;
				CLANG_WARN_QUOTED_INCLUDE_IN_FRAMEWORK_HEADER = YES;
				CLANG_WARN_RANGE_LOOP_ANALYSIS = YES;
				CLANG_WARN_STRICT_PROTOTYPES = YES;
				CLANG_WARN_SUSPICIOUS_MOVE = YES;
				CLANG_WARN_UNGUARDED_AVAILABILITY = YES_AGGRESSIVE;
				CLANG_WARN_UNREACHABLE_CODE = YES;
				CLANG_WARN__DUPLICATE_METHOD_MATCH = YES;
				COPY_PHASE_STRIP = NO;
				DEBUG_INFORMATION_FORMAT = dwarf;
				ENABLE_STRICT_OBJC_MSGSEND = YES;
				ENABLE_TESTABILITY = YES;
				GCC_C_LANGUAGE_STANDARD = gnu11;
				GCC_DYNAMIC_NO_PIC = NO;
				GCC_NO_COMMON_BLOCKS = YES;
				GCC_OPTIMIZATION_LEVEL = 0;
				GCC_PREPROCESSOR_DEFINITIONS = (
					"DEBUG=1",
					"$(inherited)",
				);
				GCC_WARN_64_TO_32_BIT_CONVERSION = YES;
				GCC_WARN_ABOUT_RETURN_TYPE = YES_ERROR;
				GCC_WARN_UNDECLARED_SELECTOR = YES;
				GCC_WARN_UNINITIALIZED_AUTOS = YES_AGGRESSIVE;
				GCC_WARN_UNUSED_FUNCTION = YES;
				GCC_WARN_UNUSED_VARIABLE = YES;
				IPHONEOS_DEPLOYMENT_TARGET = 14.4;
				MTL_ENABLE_DEBUG_INFO = INCLUDE_SOURCE;
				MTL_FAST_MATH = YES;
				ONLY_ACTIVE_ARCH = YES;
				SDKROOT = iphoneos;
				SWIFT_ACTIVE_COMPILATION_CONDITIONS = DEBUG;
				SWIFT_OPTIMIZATION_LEVEL = "-Onone";
			};
			name = Debug;
		};
		FDE95FB125EBD43F001F773C /* Release */ = {
			isa = XCBuildConfiguration;
			buildSettings = {
				ALWAYS_SEARCH_USER_PATHS = NO;
				CLANG_ANALYZER_NONNULL = YES;
				CLANG_ANALYZER_NUMBER_OBJECT_CONVERSION = YES_AGGRESSIVE;
				CLANG_CXX_LANGUAGE_STANDARD = "gnu++14";
				CLANG_CXX_LIBRARY = "libc++";
				CLANG_ENABLE_MODULES = YES;
				CLANG_ENABLE_OBJC_ARC = YES;
				CLANG_ENABLE_OBJC_WEAK = YES;
				CLANG_WARN_BLOCK_CAPTURE_AUTORELEASING = YES;
				CLANG_WARN_BOOL_CONVERSION = YES;
				CLANG_WARN_COMMA = YES;
				CLANG_WARN_CONSTANT_CONVERSION = YES;
				CLANG_WARN_DEPRECATED_OBJC_IMPLEMENTATIONS = YES;
				CLANG_WARN_DIRECT_OBJC_ISA_USAGE = YES_ERROR;
				CLANG_WARN_DOCUMENTATION_COMMENTS = YES;
				CLANG_WARN_EMPTY_BODY = YES;
				CLANG_WARN_ENUM_CONVERSION = YES;
				CLANG_WARN_INFINITE_RECURSION = YES;
				CLANG_WARN_INT_CONVERSION = YES;
				CLANG_WARN_NON_LITERAL_NULL_CONVERSION = YES;
				CLANG_WARN_OBJC_IMPLICIT_RETAIN_SELF = YES;
				CLANG_WARN_OBJC_LITERAL_CONVERSION = YES;
				CLANG_WARN_OBJC_ROOT_CLASS = YES_ERROR;
				CLANG_WARN_QUOTED_INCLUDE_IN_FRAMEWORK_HEADER = YES;
				CLANG_WARN_RANGE_LOOP_ANALYSIS = YES;
				CLANG_WARN_STRICT_PROTOTYPES = YES;
				CLANG_WARN_SUSPICIOUS_MOVE = YES;
				CLANG_WARN_UNGUARDED_AVAILABILITY = YES_AGGRESSIVE;
				CLANG_WARN_UNREACHABLE_CODE = YES;
				CLANG_WARN__DUPLICATE_METHOD_MATCH = YES;
				COPY_PHASE_STRIP = NO;
				DEBUG_INFORMATION_FORMAT = "dwarf-with-dsym";
				ENABLE_NS_ASSERTIONS = NO;
				ENABLE_STRICT_OBJC_MSGSEND = YES;
				GCC_C_LANGUAGE_STANDARD = gnu11;
				GCC_NO_COMMON_BLOCKS = YES;
				GCC_WARN_64_TO_32_BIT_CONVERSION = YES;
				GCC_WARN_ABOUT_RETURN_TYPE = YES_ERROR;
				GCC_WARN_UNDECLARED_SELECTOR = YES;
				GCC_WARN_UNINITIALIZED_AUTOS = YES_AGGRESSIVE;
				GCC_WARN_UNUSED_FUNCTION = YES;
				GCC_WARN_UNUSED_VARIABLE = YES;
				IPHONEOS_DEPLOYMENT_TARGET = 14.4;
				MTL_ENABLE_DEBUG_INFO = NO;
				MTL_FAST_MATH = YES;
				SDKROOT = iphoneos;
				SWIFT_COMPILATION_MODE = wholemodule;
				SWIFT_OPTIMIZATION_LEVEL = "-O";
				VALIDATE_PRODUCT = YES;
			};
			name = Release;
		};
		FDE95FB325EBD43F001F773C /* Debug */ = {
			isa = XCBuildConfiguration;
			buildSettings = {
				ASSETCATALOG_COMPILER_APPICON_NAME = AppIcon;
				ASSETCATALOG_COMPILER_GLOBAL_ACCENT_COLOR_NAME = AccentColor;
				CODE_SIGN_STYLE = Automatic;
				DEVELOPMENT_TEAM = MN4Z3NZYA3;
				INFOPLIST_FILE = SetGame/Info.plist;
				LD_RUNPATH_SEARCH_PATHS = (
					"$(inherited)",
					"@executable_path/Frameworks",
				);
				PRODUCT_BUNDLE_IDENTIFIER = com.khaverev.SetGame;
				PRODUCT_NAME = "$(TARGET_NAME)";
				SWIFT_VERSION = 5.0;
				TARGETED_DEVICE_FAMILY = "1,2";
			};
			name = Debug;
		};
		FDE95FB425EBD43F001F773C /* Release */ = {
			isa = XCBuildConfiguration;
			buildSettings = {
				ASSETCATALOG_COMPILER_APPICON_NAME = AppIcon;
				ASSETCATALOG_COMPILER_GLOBAL_ACCENT_COLOR_NAME = AccentColor;
				CODE_SIGN_STYLE = Automatic;
				DEVELOPMENT_TEAM = MN4Z3NZYA3;
				INFOPLIST_FILE = SetGame/Info.plist;
				LD_RUNPATH_SEARCH_PATHS = (
					"$(inherited)",
					"@executable_path/Frameworks",
				);
				PRODUCT_BUNDLE_IDENTIFIER = com.khaverev.SetGame;
				PRODUCT_NAME = "$(TARGET_NAME)";
				SWIFT_VERSION = 5.0;
				TARGETED_DEVICE_FAMILY = "1,2";
			};
			name = Release;
		};
		FDE95FB625EBD43F001F773C /* Debug */ = {
			isa = XCBuildConfiguration;
			buildSettings = {
				ALWAYS_EMBED_SWIFT_STANDARD_LIBRARIES = YES;
				BUNDLE_LOADER = "$(TEST_HOST)";
				CODE_SIGN_STYLE = Automatic;
				DEVELOPMENT_TEAM = MN4Z3NZYA3;
				INFOPLIST_FILE = SetGameTests/Info.plist;
				IPHONEOS_DEPLOYMENT_TARGET = 14.4;
				LD_RUNPATH_SEARCH_PATHS = (
					"$(inherited)",
					"@executable_path/Frameworks",
					"@loader_path/Frameworks",
				);
				PRODUCT_BUNDLE_IDENTIFIER = com.khaverev.SetGameTests;
				PRODUCT_NAME = "$(TARGET_NAME)";
				SWIFT_VERSION = 5.0;
				TARGETED_DEVICE_FAMILY = "1,2";
				TEST_HOST = "$(BUILT_PRODUCTS_DIR)/SetGame.app/SetGame";
			};
			name = Debug;
		};
		FDE95FB725EBD43F001F773C /* Release */ = {
			isa = XCBuildConfiguration;
			buildSettings = {
				ALWAYS_EMBED_SWIFT_STANDARD_LIBRARIES = YES;
				BUNDLE_LOADER = "$(TEST_HOST)";
				CODE_SIGN_STYLE = Automatic;
				DEVELOPMENT_TEAM = MN4Z3NZYA3;
				INFOPLIST_FILE = SetGameTests/Info.plist;
				IPHONEOS_DEPLOYMENT_TARGET = 14.4;
				LD_RUNPATH_SEARCH_PATHS = (
					"$(inherited)",
					"@executable_path/Frameworks",
					"@loader_path/Frameworks",
				);
				PRODUCT_BUNDLE_IDENTIFIER = com.khaverev.SetGameTests;
				PRODUCT_NAME = "$(TARGET_NAME)";
				SWIFT_VERSION = 5.0;
				TARGETED_DEVICE_FAMILY = "1,2";
				TEST_HOST = "$(BUILT_PRODUCTS_DIR)/SetGame.app/SetGame";
			};
			name = Release;
		};
		FDE95FB925EBD43F001F773C /* Debug */ = {
			isa = XCBuildConfiguration;
			buildSettings = {
				ALWAYS_EMBED_SWIFT_STANDARD_LIBRARIES = YES;
				CODE_SIGN_STYLE = Automatic;
				DEVELOPMENT_TEAM = MN4Z3NZYA3;
				INFOPLIST_FILE = SetGameUITests/Info.plist;
				LD_RUNPATH_SEARCH_PATHS = (
					"$(inherited)",
					"@executable_path/Frameworks",
					"@loader_path/Frameworks",
				);
				PRODUCT_BUNDLE_IDENTIFIER = com.khaverev.SetGameUITests;
				PRODUCT_NAME = "$(TARGET_NAME)";
				SWIFT_VERSION = 5.0;
				TARGETED_DEVICE_FAMILY = "1,2";
				TEST_TARGET_NAME = SetGame;
			};
			name = Debug;
		};
		FDE95FBA25EBD43F001F773C /* Release */ = {
			isa = XCBuildConfiguration;
			buildSettings = {
				ALWAYS_EMBED_SWIFT_STANDARD_LIBRARIES = YES;
				CODE_SIGN_STYLE = Automatic;
				DEVELOPMENT_TEAM = MN4Z3NZYA3;
				INFOPLIST_FILE = SetGameUITests/Info.plist;
				LD_RUNPATH_SEARCH_PATHS = (
					"$(inherited)",
					"@executable_path/Frameworks",
					"@loader_path/Frameworks",
				);
				PRODUCT_BUNDLE_IDENTIFIER = com.khaverev.SetGameUITests;
				PRODUCT_NAME = "$(TARGET_NAME)";
				SWIFT_VERSION = 5.0;
				TARGETED_DEVICE_FAMILY = "1,2";
				TEST_TARGET_NAME = SetGame;
			};
			name = Release;
		};
/* End XCBuildConfiguration section */

/* Begin XCConfigurationList section */
		FDE95F8325EBD43E001F773C /* Build configuration list for PBXProject "SetGame" */ = {
			isa = XCConfigurationList;
			buildConfigurations = (
				FDE95FB025EBD43F001F773C /* Debug */,
				FDE95FB125EBD43F001F773C /* Release */,
			);
			defaultConfigurationIsVisible = 0;
			defaultConfigurationName = Release;
		};
		FDE95FB225EBD43F001F773C /* Build configuration list for PBXNativeTarget "SetGame" */ = {
			isa = XCConfigurationList;
			buildConfigurations = (
				FDE95FB325EBD43F001F773C /* Debug */,
				FDE95FB425EBD43F001F773C /* Release */,
			);
			defaultConfigurationIsVisible = 0;
			defaultConfigurationName = Release;
		};
		FDE95FB525EBD43F001F773C /* Build configuration list for PBXNativeTarget "SetGameTests" */ = {
			isa = XCConfigurationList;
			buildConfigurations = (
				FDE95FB625EBD43F001F773C /* Debug */,
				FDE95FB725EBD43F001F773C /* Release */,
			);
			defaultConfigurationIsVisible = 0;
			defaultConfigurationName = Release;
		};
		FDE95FB825EBD43F001F773C /* Build configuration list for PBXNativeTarget "SetGameUITests" */ = {
			isa = XCConfigurationList;
			buildConfigurations = (
				FDE95FB925EBD43F001F773C /* Debug */,
				FDE95FBA25EBD43F001F773C /* Release */,
			);
			defaultConfigurationIsVisible = 0;
			defaultConfigurationName = Release;
		};
/* End XCConfigurationList section */
	};
	rootObject = FDE95F8025EBD43E001F773C /* Project object */;
}
